// !$*UTF8*$!
{
	archiveVersion = 1;
	classes = {
	};
	objectVersion = 55;
	objects = {

/* Begin PBXBuildFile section */
		988D25AE28E2F7AB004046E6 /* UIViewController+Extension.swift in Sources */ = {isa = PBXBuildFile; fileRef = 988D25AD28E2F7AB004046E6 /* UIViewController+Extension.swift */; };
		988D25B028E300A5004046E6 /* ProfileViewController.swift in Sources */ = {isa = PBXBuildFile; fileRef = 988D25AF28E300A5004046E6 /* ProfileViewController.swift */; };
		988FD62B28E15510008760A7 /* CodeViewController.swift in Sources */ = {isa = PBXBuildFile; fileRef = 988FD62A28E15510008760A7 /* CodeViewController.swift */; };
		988FD62E28E17BDB008760A7 /* SnapKit in Frameworks */ = {isa = PBXBuildFile; productRef = 988FD62D28E17BDB008760A7 /* SnapKit */; };
		988FD63028E17C30008760A7 /* CodeSnapViewController.swift in Sources */ = {isa = PBXBuildFile; fileRef = 988FD62F28E17C30008760A7 /* CodeSnapViewController.swift */; };
		988FD63228E18895008760A7 /* CodeSnap2ViewController.swift in Sources */ = {isa = PBXBuildFile; fileRef = 988FD63128E18895008760A7 /* CodeSnap2ViewController.swift */; };
		988FD63428E1A70F008760A7 /* KakaoCodeBaseViewController.swift in Sources */ = {isa = PBXBuildFile; fileRef = 988FD63328E1A70F008760A7 /* KakaoCodeBaseViewController.swift */; };
		98BEF40428E3D8EC00E07B92 /* BaseViewController.swift in Sources */ = {isa = PBXBuildFile; fileRef = 98BEF40328E3D8EC00E07B92 /* BaseViewController.swift */; };
		98BEF40728E3DA5D00E07B92 /* WriteViewController.swift in Sources */ = {isa = PBXBuildFile; fileRef = 98BEF40628E3DA5D00E07B92 /* WriteViewController.swift */; };
		98BEF40928E3DD3900E07B92 /* BaseView.swift in Sources */ = {isa = PBXBuildFile; fileRef = 98BEF40828E3DD3900E07B92 /* BaseView.swift */; };
		98BEF40B28E3DEE800E07B92 /* WriteView.swift in Sources */ = {isa = PBXBuildFile; fileRef = 98BEF40A28E3DEE800E07B92 /* WriteView.swift */; };
		98BEF40E28E3F91B00E07B92 /* BlackRadiusTextField.swift in Sources */ = {isa = PBXBuildFile; fileRef = 98BEF40D28E3F91B00E07B92 /* BlackRadiusTextField.swift */; };
		98CC9CB528DF44A3007B91FF /* AppDelegate.swift in Sources */ = {isa = PBXBuildFile; fileRef = 98CC9CB428DF44A3007B91FF /* AppDelegate.swift */; };
		98CC9CB728DF44A3007B91FF /* SceneDelegate.swift in Sources */ = {isa = PBXBuildFile; fileRef = 98CC9CB628DF44A3007B91FF /* SceneDelegate.swift */; };
		98CC9CB928DF44A3007B91FF /* ViewController.swift in Sources */ = {isa = PBXBuildFile; fileRef = 98CC9CB828DF44A3007B91FF /* ViewController.swift */; };
		98CC9CBC28DF44A3007B91FF /* Main.storyboard in Resources */ = {isa = PBXBuildFile; fileRef = 98CC9CBA28DF44A3007B91FF /* Main.storyboard */; };
		98CC9CBE28DF44A4007B91FF /* Assets.xcassets in Resources */ = {isa = PBXBuildFile; fileRef = 98CC9CBD28DF44A4007B91FF /* Assets.xcassets */; };
		98CC9CC128DF44A4007B91FF /* LaunchScreen.storyboard in Resources */ = {isa = PBXBuildFile; fileRef = 98CC9CBF28DF44A4007B91FF /* LaunchScreen.storyboard */; };
		98FF1EF228E031CA00E5A7C9 /* SeSAC_UIFramework.framework in Frameworks */ = {isa = PBXBuildFile; fileRef = 98FF1EEF28E031C200E5A7C9 /* SeSAC_UIFramework.framework */; };
		98FF1EF328E031CA00E5A7C9 /* SeSAC_UIFramework.framework in Embed Frameworks */ = {isa = PBXBuildFile; fileRef = 98FF1EEF28E031C200E5A7C9 /* SeSAC_UIFramework.framework */; settings = {ATTRIBUTES = (CodeSignOnCopy, RemoveHeadersOnCopy, ); }; };
		98FF1EF628E041D300E5A7C9 /* WalkThrough.storyboard in Resources */ = {isa = PBXBuildFile; fileRef = 98FF1EF528E041D300E5A7C9 /* WalkThrough.storyboard */; };
		98FF1EF828E041ED00E5A7C9 /* FirstViewController.swift in Sources */ = {isa = PBXBuildFile; fileRef = 98FF1EF728E041ED00E5A7C9 /* FirstViewController.swift */; };
		98FF1EFA28E041F700E5A7C9 /* SecondViewController.swift in Sources */ = {isa = PBXBuildFile; fileRef = 98FF1EF928E041F700E5A7C9 /* SecondViewController.swift */; };
		98FF1EFC28E0420100E5A7C9 /* ThirdViewController.swift in Sources */ = {isa = PBXBuildFile; fileRef = 98FF1EFB28E0420100E5A7C9 /* ThirdViewController.swift */; };
		98FF1EFE28E0499600E5A7C9 /* WalkThroughViewController.swift in Sources */ = {isa = PBXBuildFile; fileRef = 98FF1EFD28E0499600E5A7C9 /* WalkThroughViewController.swift */; };
/* End PBXBuildFile section */

/* Begin PBXContainerItemProxy section */
		98FF1EEE28E031C200E5A7C9 /* PBXContainerItemProxy */ = {
			isa = PBXContainerItemProxy;
			containerPortal = 98FF1EE928E031C200E5A7C9 /* SeSAC_UIFramework.xcodeproj */;
			proxyType = 2;
			remoteGlobalIDString = 98CC9CD228DF44C1007B91FF;
			remoteInfo = SeSAC_UIFramework;
		};
		98FF1EF028E031C200E5A7C9 /* PBXContainerItemProxy */ = {
			isa = PBXContainerItemProxy;
			containerPortal = 98FF1EE928E031C200E5A7C9 /* SeSAC_UIFramework.xcodeproj */;
			proxyType = 2;
			remoteGlobalIDString = 98CC9CDC28DF44C2007B91FF;
			remoteInfo = SeSAC_UIFrameworkTests;
		};
/* End PBXContainerItemProxy section */

/* Begin PBXCopyFilesBuildPhase section */
		98CC9D1028DF4671007B91FF /* Embed Frameworks */ = {
			isa = PBXCopyFilesBuildPhase;
			buildActionMask = 2147483647;
			dstPath = "";
			dstSubfolderSpec = 10;
			files = (
				98FF1EF328E031CA00E5A7C9 /* SeSAC_UIFramework.framework in Embed Frameworks */,
			);
			name = "Embed Frameworks";
			runOnlyForDeploymentPostprocessing = 0;
		};
/* End PBXCopyFilesBuildPhase section */

/* Begin PBXFileReference section */
		988D25AD28E2F7AB004046E6 /* UIViewController+Extension.swift */ = {isa = PBXFileReference; lastKnownFileType = sourcecode.swift; path = "UIViewController+Extension.swift"; sourceTree = "<group>"; };
		988D25AF28E300A5004046E6 /* ProfileViewController.swift */ = {isa = PBXFileReference; lastKnownFileType = sourcecode.swift; path = ProfileViewController.swift; sourceTree = "<group>"; };
		988FD62A28E15510008760A7 /* CodeViewController.swift */ = {isa = PBXFileReference; lastKnownFileType = sourcecode.swift; path = CodeViewController.swift; sourceTree = "<group>"; };
		988FD62F28E17C30008760A7 /* CodeSnapViewController.swift */ = {isa = PBXFileReference; lastKnownFileType = sourcecode.swift; path = CodeSnapViewController.swift; sourceTree = "<group>"; };
		988FD63128E18895008760A7 /* CodeSnap2ViewController.swift */ = {isa = PBXFileReference; lastKnownFileType = sourcecode.swift; path = CodeSnap2ViewController.swift; sourceTree = "<group>"; };
		988FD63328E1A70F008760A7 /* KakaoCodeBaseViewController.swift */ = {isa = PBXFileReference; lastKnownFileType = sourcecode.swift; path = KakaoCodeBaseViewController.swift; sourceTree = "<group>"; };
		98BEF40328E3D8EC00E07B92 /* BaseViewController.swift */ = {isa = PBXFileReference; lastKnownFileType = sourcecode.swift; path = BaseViewController.swift; sourceTree = "<group>"; };
		98BEF40628E3DA5D00E07B92 /* WriteViewController.swift */ = {isa = PBXFileReference; lastKnownFileType = sourcecode.swift; path = WriteViewController.swift; sourceTree = "<group>"; };
		98BEF40828E3DD3900E07B92 /* BaseView.swift */ = {isa = PBXFileReference; lastKnownFileType = sourcecode.swift; path = BaseView.swift; sourceTree = "<group>"; };
		98BEF40A28E3DEE800E07B92 /* WriteView.swift */ = {isa = PBXFileReference; lastKnownFileType = sourcecode.swift; path = WriteView.swift; sourceTree = "<group>"; };
		98BEF40D28E3F91B00E07B92 /* BlackRadiusTextField.swift */ = {isa = PBXFileReference; lastKnownFileType = sourcecode.swift; path = BlackRadiusTextField.swift; sourceTree = "<group>"; };
		98CC9CB128DF44A3007B91FF /* Diary_Assignment.app */ = {isa = PBXFileReference; explicitFileType = wrapper.application; includeInIndex = 0; path = Diary_Assignment.app; sourceTree = BUILT_PRODUCTS_DIR; };
		98CC9CB428DF44A3007B91FF /* AppDelegate.swift */ = {isa = PBXFileReference; lastKnownFileType = sourcecode.swift; path = AppDelegate.swift; sourceTree = "<group>"; };
		98CC9CB628DF44A3007B91FF /* SceneDelegate.swift */ = {isa = PBXFileReference; lastKnownFileType = sourcecode.swift; path = SceneDelegate.swift; sourceTree = "<group>"; };
		98CC9CB828DF44A3007B91FF /* ViewController.swift */ = {isa = PBXFileReference; lastKnownFileType = sourcecode.swift; path = ViewController.swift; sourceTree = "<group>"; };
		98CC9CBB28DF44A3007B91FF /* Base */ = {isa = PBXFileReference; lastKnownFileType = file.storyboard; name = Base; path = Base.lproj/Main.storyboard; sourceTree = "<group>"; };
		98CC9CBD28DF44A4007B91FF /* Assets.xcassets */ = {isa = PBXFileReference; lastKnownFileType = folder.assetcatalog; path = Assets.xcassets; sourceTree = "<group>"; };
		98CC9CC028DF44A4007B91FF /* Base */ = {isa = PBXFileReference; lastKnownFileType = file.storyboard; name = Base; path = Base.lproj/LaunchScreen.storyboard; sourceTree = "<group>"; };
		98CC9CC228DF44A4007B91FF /* Info.plist */ = {isa = PBXFileReference; lastKnownFileType = text.plist.xml; path = Info.plist; sourceTree = "<group>"; };
		98FF1EE928E031C200E5A7C9 /* SeSAC_UIFramework.xcodeproj */ = {isa = PBXFileReference; lastKnownFileType = "wrapper.pb-project"; name = SeSAC_UIFramework.xcodeproj; path = ../SeSAC_UIFramework/SeSAC_UIFramework.xcodeproj; sourceTree = "<group>"; };
		98FF1EF528E041D300E5A7C9 /* WalkThrough.storyboard */ = {isa = PBXFileReference; lastKnownFileType = file.storyboard; path = WalkThrough.storyboard; sourceTree = "<group>"; };
		98FF1EF728E041ED00E5A7C9 /* FirstViewController.swift */ = {isa = PBXFileReference; lastKnownFileType = sourcecode.swift; path = FirstViewController.swift; sourceTree = "<group>"; };
		98FF1EF928E041F700E5A7C9 /* SecondViewController.swift */ = {isa = PBXFileReference; lastKnownFileType = sourcecode.swift; path = SecondViewController.swift; sourceTree = "<group>"; };
		98FF1EFB28E0420100E5A7C9 /* ThirdViewController.swift */ = {isa = PBXFileReference; lastKnownFileType = sourcecode.swift; path = ThirdViewController.swift; sourceTree = "<group>"; };
		98FF1EFD28E0499600E5A7C9 /* WalkThroughViewController.swift */ = {isa = PBXFileReference; lastKnownFileType = sourcecode.swift; path = WalkThroughViewController.swift; sourceTree = "<group>"; };
/* End PBXFileReference section */

/* Begin PBXFrameworksBuildPhase section */
		98CC9CAE28DF44A3007B91FF /* Frameworks */ = {
			isa = PBXFrameworksBuildPhase;
			buildActionMask = 2147483647;
			files = (
				98FF1EF228E031CA00E5A7C9 /* SeSAC_UIFramework.framework in Frameworks */,
				988FD62E28E17BDB008760A7 /* SnapKit in Frameworks */,
			);
			runOnlyForDeploymentPostprocessing = 0;
		};
/* End PBXFrameworksBuildPhase section */

/* Begin PBXGroup section */
		988D25AA28E2F77B004046E6 /* Extension */ = {
			isa = PBXGroup;
			children = (
				988D25AD28E2F7AB004046E6 /* UIViewController+Extension.swift */,
			);
			path = Extension;
			sourceTree = "<group>";
		};
		988FD62728E15489008760A7 /* CodeBase */ = {
			isa = PBXGroup;
			children = (
				988FD62A28E15510008760A7 /* CodeViewController.swift */,
				988FD62F28E17C30008760A7 /* CodeSnapViewController.swift */,
				988FD63128E18895008760A7 /* CodeSnap2ViewController.swift */,
				988FD63328E1A70F008760A7 /* KakaoCodeBaseViewController.swift */,
			);
			path = CodeBase;
			sourceTree = "<group>";
		};
		98BEF40028E3D8D100E07B92 /* Utility */ = {
			isa = PBXGroup;
			children = (
				98BEF40C28E3F8B700E07B92 /* CustomView */,
				98BEF40328E3D8EC00E07B92 /* BaseViewController.swift */,
				98BEF40828E3DD3900E07B92 /* BaseView.swift */,
			);
			path = Utility;
			sourceTree = "<group>";
		};
		98BEF40528E3DA3900E07B92 /* Diary */ = {
			isa = PBXGroup;
			children = (
				98BEF40628E3DA5D00E07B92 /* WriteViewController.swift */,
				98BEF40A28E3DEE800E07B92 /* WriteView.swift */,
			);
			path = Diary;
			sourceTree = "<group>";
		};
		98BEF40C28E3F8B700E07B92 /* CustomView */ = {
			isa = PBXGroup;
			children = (
				98BEF40D28E3F91B00E07B92 /* BlackRadiusTextField.swift */,
			);
			path = CustomView;
			sourceTree = "<group>";
		};
		98CC9CA828DF44A3007B91FF = {
			isa = PBXGroup;
			children = (
				98FF1EE928E031C200E5A7C9 /* SeSAC_UIFramework.xcodeproj */,
				98CC9CB328DF44A3007B91FF /* Diary_Assignment */,
				98CC9CB228DF44A3007B91FF /* Products */,
				98CC9D0B28DF4671007B91FF /* Frameworks */,
			);
			sourceTree = "<group>";
		};
		98CC9CB228DF44A3007B91FF /* Products */ = {
			isa = PBXGroup;
			children = (
				98CC9CB128DF44A3007B91FF /* Diary_Assignment.app */,
			);
			name = Products;
			sourceTree = "<group>";
		};
		98CC9CB328DF44A3007B91FF /* Diary_Assignment */ = {
			isa = PBXGroup;
			children = (
				98BEF40528E3DA3900E07B92 /* Diary */,
				98BEF40028E3D8D100E07B92 /* Utility */,
				988D25AA28E2F77B004046E6 /* Extension */,
				988FD62728E15489008760A7 /* CodeBase */,
				98FF1EF428E041A000E5A7C9 /* WalkThrough */,
				98CC9CB428DF44A3007B91FF /* AppDelegate.swift */,
				98CC9CB628DF44A3007B91FF /* SceneDelegate.swift */,
				98CC9CBA28DF44A3007B91FF /* Main.storyboard */,
				98CC9CB828DF44A3007B91FF /* ViewController.swift */,
				988D25AF28E300A5004046E6 /* ProfileViewController.swift */,
				98CC9CBD28DF44A4007B91FF /* Assets.xcassets */,
				98CC9CBF28DF44A4007B91FF /* LaunchScreen.storyboard */,
				98CC9CC228DF44A4007B91FF /* Info.plist */,
			);
			path = Diary_Assignment;
			sourceTree = "<group>";
		};
		98CC9D0B28DF4671007B91FF /* Frameworks */ = {
			isa = PBXGroup;
			children = (
			);
			name = Frameworks;
			sourceTree = "<group>";
		};
		98FF1EEA28E031C200E5A7C9 /* Products */ = {
			isa = PBXGroup;
			children = (
				98FF1EEF28E031C200E5A7C9 /* SeSAC_UIFramework.framework */,
				98FF1EF128E031C200E5A7C9 /* SeSAC_UIFrameworkTests.xctest */,
			);
			name = Products;
			sourceTree = "<group>";
		};
		98FF1EF428E041A000E5A7C9 /* WalkThrough */ = {
			isa = PBXGroup;
			children = (
				98FF1EF528E041D300E5A7C9 /* WalkThrough.storyboard */,
				98FF1EFD28E0499600E5A7C9 /* WalkThroughViewController.swift */,
				98FF1EF728E041ED00E5A7C9 /* FirstViewController.swift */,
				98FF1EF928E041F700E5A7C9 /* SecondViewController.swift */,
				98FF1EFB28E0420100E5A7C9 /* ThirdViewController.swift */,
			);
			path = WalkThrough;
			sourceTree = "<group>";
		};
/* End PBXGroup section */

/* Begin PBXNativeTarget section */
		98CC9CB028DF44A3007B91FF /* Diary_Assignment */ = {
			isa = PBXNativeTarget;
			buildConfigurationList = 98CC9CC528DF44A4007B91FF /* Build configuration list for PBXNativeTarget "Diary_Assignment" */;
			buildPhases = (
				98CC9CAD28DF44A3007B91FF /* Sources */,
				98CC9CAE28DF44A3007B91FF /* Frameworks */,
				98CC9CAF28DF44A3007B91FF /* Resources */,
				98CC9D1028DF4671007B91FF /* Embed Frameworks */,
			);
			buildRules = (
			);
			dependencies = (
			);
			name = Diary_Assignment;
			packageProductDependencies = (
				988FD62D28E17BDB008760A7 /* SnapKit */,
			);
			productName = Diary_Assignment;
			productReference = 98CC9CB128DF44A3007B91FF /* Diary_Assignment.app */;
			productType = "com.apple.product-type.application";
		};
/* End PBXNativeTarget section */

/* Begin PBXProject section */
		98CC9CA928DF44A3007B91FF /* Project object */ = {
			isa = PBXProject;
			attributes = {
				BuildIndependentTargetsInParallel = 1;
				LastSwiftUpdateCheck = 1340;
				LastUpgradeCheck = 1340;
				TargetAttributes = {
					98CC9CB028DF44A3007B91FF = {
						CreatedOnToolsVersion = 13.4.1;
					};
				};
			};
			buildConfigurationList = 98CC9CAC28DF44A3007B91FF /* Build configuration list for PBXProject "Diary_Assignment" */;
			compatibilityVersion = "Xcode 13.0";
			developmentRegion = en;
			hasScannedForEncodings = 0;
			knownRegions = (
				en,
				Base,
			);
			mainGroup = 98CC9CA828DF44A3007B91FF;
			packageReferences = (
				988FD62C28E17BDB008760A7 /* XCRemoteSwiftPackageReference "SnapKit" */,
			);
			productRefGroup = 98CC9CB228DF44A3007B91FF /* Products */;
			projectDirPath = "";
			projectReferences = (
				{
					ProductGroup = 98FF1EEA28E031C200E5A7C9 /* Products */;
					ProjectRef = 98FF1EE928E031C200E5A7C9 /* SeSAC_UIFramework.xcodeproj */;
				},
			);
			projectRoot = "";
			targets = (
				98CC9CB028DF44A3007B91FF /* Diary_Assignment */,
			);
		};
/* End PBXProject section */

/* Begin PBXReferenceProxy section */
		98FF1EEF28E031C200E5A7C9 /* SeSAC_UIFramework.framework */ = {
			isa = PBXReferenceProxy;
			fileType = wrapper.framework;
			path = SeSAC_UIFramework.framework;
			remoteRef = 98FF1EEE28E031C200E5A7C9 /* PBXContainerItemProxy */;
			sourceTree = BUILT_PRODUCTS_DIR;
		};
		98FF1EF128E031C200E5A7C9 /* SeSAC_UIFrameworkTests.xctest */ = {
			isa = PBXReferenceProxy;
			fileType = wrapper.cfbundle;
			path = SeSAC_UIFrameworkTests.xctest;
			remoteRef = 98FF1EF028E031C200E5A7C9 /* PBXContainerItemProxy */;
			sourceTree = BUILT_PRODUCTS_DIR;
		};
/* End PBXReferenceProxy section */

/* Begin PBXResourcesBuildPhase section */
		98CC9CAF28DF44A3007B91FF /* Resources */ = {
			isa = PBXResourcesBuildPhase;
			buildActionMask = 2147483647;
			files = (
				98CC9CC128DF44A4007B91FF /* LaunchScreen.storyboard in Resources */,
				98FF1EF628E041D300E5A7C9 /* WalkThrough.storyboard in Resources */,
				98CC9CBE28DF44A4007B91FF /* Assets.xcassets in Resources */,
				98CC9CBC28DF44A3007B91FF /* Main.storyboard in Resources */,
			);
			runOnlyForDeploymentPostprocessing = 0;
		};
/* End PBXResourcesBuildPhase section */

/* Begin PBXSourcesBuildPhase section */
		98CC9CAD28DF44A3007B91FF /* Sources */ = {
			isa = PBXSourcesBuildPhase;
			buildActionMask = 2147483647;
			files = (
				988D25AE28E2F7AB004046E6 /* UIViewController+Extension.swift in Sources */,
				98CC9CB928DF44A3007B91FF /* ViewController.swift in Sources */,
				98FF1EF828E041ED00E5A7C9 /* FirstViewController.swift in Sources */,
				98BEF40728E3DA5D00E07B92 /* WriteViewController.swift in Sources */,
				988FD63228E18895008760A7 /* CodeSnap2ViewController.swift in Sources */,
				98CC9CB528DF44A3007B91FF /* AppDelegate.swift in Sources */,
				98BEF40428E3D8EC00E07B92 /* BaseViewController.swift in Sources */,
				988FD63428E1A70F008760A7 /* KakaoCodeBaseViewController.swift in Sources */,
				98FF1EFA28E041F700E5A7C9 /* SecondViewController.swift in Sources */,
				98BEF40E28E3F91B00E07B92 /* BlackRadiusTextField.swift in Sources */,
				988FD63028E17C30008760A7 /* CodeSnapViewController.swift in Sources */,
				98FF1EFC28E0420100E5A7C9 /* ThirdViewController.swift in Sources */,
				988FD62B28E15510008760A7 /* CodeViewController.swift in Sources */,
				988D25B028E300A5004046E6 /* ProfileViewController.swift in Sources */,
				98FF1EFE28E0499600E5A7C9 /* WalkThroughViewController.swift in Sources */,
				98CC9CB728DF44A3007B91FF /* SceneDelegate.swift in Sources */,
				98BEF40928E3DD3900E07B92 /* BaseView.swift in Sources */,
				98BEF40B28E3DEE800E07B92 /* WriteView.swift in Sources */,
			);
			runOnlyForDeploymentPostprocessing = 0;
		};
/* End PBXSourcesBuildPhase section */

/* Begin PBXVariantGroup section */
		98CC9CBA28DF44A3007B91FF /* Main.storyboard */ = {
			isa = PBXVariantGroup;
			children = (
				98CC9CBB28DF44A3007B91FF /* Base */,
			);
			name = Main.storyboard;
			sourceTree = "<group>";
		};
		98CC9CBF28DF44A4007B91FF /* LaunchScreen.storyboard */ = {
			isa = PBXVariantGroup;
			children = (
				98CC9CC028DF44A4007B91FF /* Base */,
			);
			name = LaunchScreen.storyboard;
			sourceTree = "<group>";
		};
/* End PBXVariantGroup section */

/* Begin XCBuildConfiguration section */
		98CC9CC328DF44A4007B91FF /* Debug */ = {
			isa = XCBuildConfiguration;
			buildSettings = {
				ALWAYS_SEARCH_USER_PATHS = NO;
				CLANG_ANALYZER_NONNULL = YES;
				CLANG_ANALYZER_NUMBER_OBJECT_CONVERSION = YES_AGGRESSIVE;
				CLANG_CXX_LANGUAGE_STANDARD = "gnu++17";
				CLANG_ENABLE_MODULES = YES;
				CLANG_ENABLE_OBJC_ARC = YES;
				CLANG_ENABLE_OBJC_WEAK = YES;
				CLANG_WARN_BLOCK_CAPTURE_AUTORELEASING = YES;
				CLANG_WARN_BOOL_CONVERSION = YES;
				CLANG_WARN_COMMA = YES;
				CLANG_WARN_CONSTANT_CONVERSION = YES;
				CLANG_WARN_DEPRECATED_OBJC_IMPLEMENTATIONS = YES;
				CLANG_WARN_DIRECT_OBJC_ISA_USAGE = YES_ERROR;
				CLANG_WARN_DOCUMENTATION_COMMENTS = YES;
				CLANG_WARN_EMPTY_BODY = YES;
				CLANG_WARN_ENUM_CONVERSION = YES;
				CLANG_WARN_INFINITE_RECURSION = YES;
				CLANG_WARN_INT_CONVERSION = YES;
				CLANG_WARN_NON_LITERAL_NULL_CONVERSION = YES;
				CLANG_WARN_OBJC_IMPLICIT_RETAIN_SELF = YES;
				CLANG_WARN_OBJC_LITERAL_CONVERSION = YES;
				CLANG_WARN_OBJC_ROOT_CLASS = YES_ERROR;
				CLANG_WARN_QUOTED_INCLUDE_IN_FRAMEWORK_HEADER = YES;
				CLANG_WARN_RANGE_LOOP_ANALYSIS = YES;
				CLANG_WARN_STRICT_PROTOTYPES = YES;
				CLANG_WARN_SUSPICIOUS_MOVE = YES;
				CLANG_WARN_UNGUARDED_AVAILABILITY = YES_AGGRESSIVE;
				CLANG_WARN_UNREACHABLE_CODE = YES;
				CLANG_WARN__DUPLICATE_METHOD_MATCH = YES;
				COPY_PHASE_STRIP = NO;
				DEBUG_INFORMATION_FORMAT = dwarf;
				ENABLE_STRICT_OBJC_MSGSEND = YES;
				ENABLE_TESTABILITY = YES;
				GCC_C_LANGUAGE_STANDARD = gnu11;
				GCC_DYNAMIC_NO_PIC = NO;
				GCC_NO_COMMON_BLOCKS = YES;
				GCC_OPTIMIZATION_LEVEL = 0;
				GCC_PREPROCESSOR_DEFINITIONS = (
					"DEBUG=1",
					"$(inherited)",
				);
				GCC_WARN_64_TO_32_BIT_CONVERSION = YES;
				GCC_WARN_ABOUT_RETURN_TYPE = YES_ERROR;
				GCC_WARN_UNDECLARED_SELECTOR = YES;
				GCC_WARN_UNINITIALIZED_AUTOS = YES_AGGRESSIVE;
				GCC_WARN_UNUSED_FUNCTION = YES;
				GCC_WARN_UNUSED_VARIABLE = YES;
				IPHONEOS_DEPLOYMENT_TARGET = 15.5;
				MTL_ENABLE_DEBUG_INFO = INCLUDE_SOURCE;
				MTL_FAST_MATH = YES;
				ONLY_ACTIVE_ARCH = YES;
				SDKROOT = iphoneos;
				SWIFT_ACTIVE_COMPILATION_CONDITIONS = DEBUG;
				SWIFT_OPTIMIZATION_LEVEL = "-Onone";
			};
			name = Debug;
		};
		98CC9CC428DF44A4007B91FF /* Release */ = {
			isa = XCBuildConfiguration;
			buildSettings = {
				ALWAYS_SEARCH_USER_PATHS = NO;
				CLANG_ANALYZER_NONNULL = YES;
				CLANG_ANALYZER_NUMBER_OBJECT_CONVERSION = YES_AGGRESSIVE;
				CLANG_CXX_LANGUAGE_STANDARD = "gnu++17";
				CLANG_ENABLE_MODULES = YES;
				CLANG_ENABLE_OBJC_ARC = YES;
				CLANG_ENABLE_OBJC_WEAK = YES;
				CLANG_WARN_BLOCK_CAPTURE_AUTORELEASING = YES;
				CLANG_WARN_BOOL_CONVERSION = YES;
				CLANG_WARN_COMMA = YES;
				CLANG_WARN_CONSTANT_CONVERSION = YES;
				CLANG_WARN_DEPRECATED_OBJC_IMPLEMENTATIONS = YES;
				CLANG_WARN_DIRECT_OBJC_ISA_USAGE = YES_ERROR;
				CLANG_WARN_DOCUMENTATION_COMMENTS = YES;
				CLANG_WARN_EMPTY_BODY = YES;
				CLANG_WARN_ENUM_CONVERSION = YES;
				CLANG_WARN_INFINITE_RECURSION = YES;
				CLANG_WARN_INT_CONVERSION = YES;
				CLANG_WARN_NON_LITERAL_NULL_CONVERSION = YES;
				CLANG_WARN_OBJC_IMPLICIT_RETAIN_SELF = YES;
				CLANG_WARN_OBJC_LITERAL_CONVERSION = YES;
				CLANG_WARN_OBJC_ROOT_CLASS = YES_ERROR;
				CLANG_WARN_QUOTED_INCLUDE_IN_FRAMEWORK_HEADER = YES;
				CLANG_WARN_RANGE_LOOP_ANALYSIS = YES;
				CLANG_WARN_STRICT_PROTOTYPES = YES;
				CLANG_WARN_SUSPICIOUS_MOVE = YES;
				CLANG_WARN_UNGUARDED_AVAILABILITY = YES_AGGRESSIVE;
				CLANG_WARN_UNREACHABLE_CODE = YES;
				CLANG_WARN__DUPLICATE_METHOD_MATCH = YES;
				COPY_PHASE_STRIP = NO;
				DEBUG_INFORMATION_FORMAT = "dwarf-with-dsym";
				ENABLE_NS_ASSERTIONS = NO;
				ENABLE_STRICT_OBJC_MSGSEND = YES;
				GCC_C_LANGUAGE_STANDARD = gnu11;
				GCC_NO_COMMON_BLOCKS = YES;
				GCC_WARN_64_TO_32_BIT_CONVERSION = YES;
				GCC_WARN_ABOUT_RETURN_TYPE = YES_ERROR;
				GCC_WARN_UNDECLARED_SELECTOR = YES;
				GCC_WARN_UNINITIALIZED_AUTOS = YES_AGGRESSIVE;
				GCC_WARN_UNUSED_FUNCTION = YES;
				GCC_WARN_UNUSED_VARIABLE = YES;
				IPHONEOS_DEPLOYMENT_TARGET = 15.5;
				MTL_ENABLE_DEBUG_INFO = NO;
				MTL_FAST_MATH = YES;
				SDKROOT = iphoneos;
				SWIFT_COMPILATION_MODE = wholemodule;
				SWIFT_OPTIMIZATION_LEVEL = "-O";
				VALIDATE_PRODUCT = YES;
			};
			name = Release;
		};
		98CC9CC628DF44A4007B91FF /* Debug */ = {
			isa = XCBuildConfiguration;
			buildSettings = {
				ASSETCATALOG_COMPILER_APPICON_NAME = AppIcon;
				ASSETCATALOG_COMPILER_GLOBAL_ACCENT_COLOR_NAME = AccentColor;
				CODE_SIGN_STYLE = Automatic;
				CURRENT_PROJECT_VERSION = 1;
				DEVELOPMENT_TEAM = VSHQ8JA888;
				GENERATE_INFOPLIST_FILE = YES;
				INFOPLIST_FILE = Diary_Assignment/Info.plist;
				INFOPLIST_KEY_UIApplicationSupportsIndirectInputEvents = YES;
				INFOPLIST_KEY_UILaunchStoryboardName = LaunchScreen;
				INFOPLIST_KEY_UIMainStoryboardFile = Main;
				INFOPLIST_KEY_UISupportedInterfaceOrientations_iPad = "UIInterfaceOrientationPortrait UIInterfaceOrientationPortraitUpsideDown UIInterfaceOrientationLandscapeLeft UIInterfaceOrientationLandscapeRight";
				INFOPLIST_KEY_UISupportedInterfaceOrientations_iPhone = "UIInterfaceOrientationPortrait UIInterfaceOrientationLandscapeLeft UIInterfaceOrientationLandscapeRight";
				LD_RUNPATH_SEARCH_PATHS = (
					"$(inherited)",
					"@executable_path/Frameworks",
				);
				MARKETING_VERSION = 1.0;
				PRODUCT_BUNDLE_IDENTIFIER = "com.taehwan.Diary-Assignment";
				PRODUCT_NAME = "$(TARGET_NAME)";
				SWIFT_EMIT_LOC_STRINGS = YES;
				SWIFT_VERSION = 5.0;
				TARGETED_DEVICE_FAMILY = "1,2";
			};
			name = Debug;
		};
		98CC9CC728DF44A4007B91FF /* Release */ = {
			isa = XCBuildConfiguration;
			buildSettings = {
				ASSETCATALOG_COMPILER_APPICON_NAME = AppIcon;
				ASSETCATALOG_COMPILER_GLOBAL_ACCENT_COLOR_NAME = AccentColor;
				CODE_SIGN_STYLE = Automatic;
				CURRENT_PROJECT_VERSION = 1;
				DEVELOPMENT_TEAM = VSHQ8JA888;
				GENERATE_INFOPLIST_FILE = YES;
				INFOPLIST_FILE = Diary_Assignment/Info.plist;
				INFOPLIST_KEY_UIApplicationSupportsIndirectInputEvents = YES;
				INFOPLIST_KEY_UILaunchStoryboardName = LaunchScreen;
				INFOPLIST_KEY_UIMainStoryboardFile = Main;
				INFOPLIST_KEY_UISupportedInterfaceOrientations_iPad = "UIInterfaceOrientationPortrait UIInterfaceOrientationPortraitUpsideDown UIInterfaceOrientationLandscapeLeft UIInterfaceOrientationLandscapeRight";
				INFOPLIST_KEY_UISupportedInterfaceOrientations_iPhone = "UIInterfaceOrientationPortrait UIInterfaceOrientationLandscapeLeft UIInterfaceOrientationLandscapeRight";
				LD_RUNPATH_SEARCH_PATHS = (
					"$(inherited)",
					"@executable_path/Frameworks",
				);
				MARKETING_VERSION = 1.0;
				PRODUCT_BUNDLE_IDENTIFIER = "com.taehwan.Diary-Assignment";
				PRODUCT_NAME = "$(TARGET_NAME)";
				SWIFT_EMIT_LOC_STRINGS = YES;
				SWIFT_VERSION = 5.0;
				TARGETED_DEVICE_FAMILY = "1,2";
			};
			name = Release;
		};
/* End XCBuildConfiguration section */

/* Begin XCConfigurationList section */
		98CC9CAC28DF44A3007B91FF /* Build configuration list for PBXProject "Diary_Assignment" */ = {
			isa = XCConfigurationList;
			buildConfigurations = (
				98CC9CC328DF44A4007B91FF /* Debug */,
				98CC9CC428DF44A4007B91FF /* Release */,
			);
			defaultConfigurationIsVisible = 0;
			defaultConfigurationName = Release;
		};
		98CC9CC528DF44A4007B91FF /* Build configuration list for PBXNativeTarget "Diary_Assignment" */ = {
			isa = XCConfigurationList;
			buildConfigurations = (
				98CC9CC628DF44A4007B91FF /* Debug */,
				98CC9CC728DF44A4007B91FF /* Release */,
			);
			defaultConfigurationIsVisible = 0;
			defaultConfigurationName = Release;
		};
/* End XCConfigurationList section */

/* Begin XCRemoteSwiftPackageReference section */
		988FD62C28E17BDB008760A7 /* XCRemoteSwiftPackageReference "SnapKit" */ = {
			isa = XCRemoteSwiftPackageReference;
			repositoryURL = "https://github.com/SnapKit/SnapKit.git";
			requirement = {
				kind = upToNextMajorVersion;
				minimumVersion = 5.0.0;
			};
		};
/* End XCRemoteSwiftPackageReference section */

/* Begin XCSwiftPackageProductDependency section */
		988FD62D28E17BDB008760A7 /* SnapKit */ = {
			isa = XCSwiftPackageProductDependency;
			package = 988FD62C28E17BDB008760A7 /* XCRemoteSwiftPackageReference "SnapKit" */;
			productName = SnapKit;
		};
/* End XCSwiftPackageProductDependency section */
	};
	rootObject = 98CC9CA928DF44A3007B91FF /* Project object */;
}
